// !$*UTF8*$!
{
	archiveVersion = 1;
	classes = {
	};
	objectVersion = 60;
	objects = {

/* Begin PBXBuildFile section */
		1480BF2A2C3A69D900A7D79D /* AppDelegate.swift in Sources */ = {isa = PBXBuildFile; fileRef = 1480BF292C3A69D900A7D79D /* AppDelegate.swift */; };
		1480BF2C2C3A69D900A7D79D /* ViewController.swift in Sources */ = {isa = PBXBuildFile; fileRef = 1480BF2B2C3A69D900A7D79D /* ViewController.swift */; };
		1480BF2E2C3A69DA00A7D79D /* Assets.xcassets in Resources */ = {isa = PBXBuildFile; fileRef = 1480BF2D2C3A69DA00A7D79D /* Assets.xcassets */; };
		1480BF312C3A69DA00A7D79D /* Base in Resources */ = {isa = PBXBuildFile; fileRef = 1480BF302C3A69DA00A7D79D /* Base */; };
		1480BF3C2C3A69DA00A7D79D /* myipTests.swift in Sources */ = {isa = PBXBuildFile; fileRef = 1480BF3B2C3A69DA00A7D79D /* myipTests.swift */; };
		1480BF462C3A69DA00A7D79D /* myipUITests.swift in Sources */ = {isa = PBXBuildFile; fileRef = 1480BF452C3A69DA00A7D79D /* myipUITests.swift */; };
		1480BF482C3A69DA00A7D79D /* myipUITestsLaunchTests.swift in Sources */ = {isa = PBXBuildFile; fileRef = 1480BF472C3A69DA00A7D79D /* myipUITestsLaunchTests.swift */; };
		1480BF5C2C3A783A00A7D79D /* Cocoa.framework in Frameworks */ = {isa = PBXBuildFile; fileRef = 1480BF5B2C3A783A00A7D79D /* Cocoa.framework */; };
		1480BF5F2C3A783A00A7D79D /* Media.xcassets in Resources */ = {isa = PBXBuildFile; fileRef = 1480BF5E2C3A783A00A7D79D /* Media.xcassets */; };
		1480BF612C3A783A00A7D79D /* icon.icns in Resources */ = {isa = PBXBuildFile; fileRef = 1480BF602C3A783A00A7D79D /* icon.icns */; };
		1480BF632C3A783A00A7D79D /* ActionRequestHandler.swift in Sources */ = {isa = PBXBuildFile; fileRef = 1480BF622C3A783A00A7D79D /* ActionRequestHandler.swift */; };
		1480BF682C3A783A00A7D79D /* myipLoginItem.appex in Embed Foundation Extensions */ = {isa = PBXBuildFile; fileRef = 1480BF592C3A783A00A7D79D /* myipLoginItem.appex */; settings = {ATTRIBUTES = (RemoveHeadersOnCopy, ); }; };
		1480BF6E2C3A78BD00A7D79D /* AppDelegate.swift in Sources */ = {isa = PBXBuildFile; fileRef = 1480BF6D2C3A78B600A7D79D /* AppDelegate.swift */; };
/* End PBXBuildFile section */

/* Begin PBXContainerItemProxy section */
		1480BF382C3A69DA00A7D79D /* PBXContainerItemProxy */ = {
			isa = PBXContainerItemProxy;
			containerPortal = 1480BF1E2C3A69D900A7D79D /* Project object */;
			proxyType = 1;
			remoteGlobalIDString = 1480BF252C3A69D900A7D79D;
			remoteInfo = myip;
		};
		1480BF422C3A69DA00A7D79D /* PBXContainerItemProxy */ = {
			isa = PBXContainerItemProxy;
			containerPortal = 1480BF1E2C3A69D900A7D79D /* Project object */;
			proxyType = 1;
			remoteGlobalIDString = 1480BF252C3A69D900A7D79D;
			remoteInfo = myip;
		};
		1480BF662C3A783A00A7D79D /* PBXContainerItemProxy */ = {
			isa = PBXContainerItemProxy;
			containerPortal = 1480BF1E2C3A69D900A7D79D /* Project object */;
			proxyType = 1;
			remoteGlobalIDString = 1480BF582C3A783A00A7D79D;
			remoteInfo = myipLoginItem;
		};
/* End PBXContainerItemProxy section */

/* Begin PBXCopyFilesBuildPhase section */
		1480BF6C2C3A783A00A7D79D /* Embed Foundation Extensions */ = {
			isa = PBXCopyFilesBuildPhase;
			buildActionMask = 2147483647;
			dstPath = "";
			dstSubfolderSpec = 13;
			files = (
				1480BF682C3A783A00A7D79D /* myipLoginItem.appex in Embed Foundation Extensions */,
			);
			name = "Embed Foundation Extensions";
			runOnlyForDeploymentPostprocessing = 0;
		};
/* End PBXCopyFilesBuildPhase section */

/* Begin PBXFileReference section */
		1480BF262C3A69D900A7D79D /* myip.app */ = {isa = PBXFileReference; explicitFileType = wrapper.application; includeInIndex = 0; path = myip.app; sourceTree = BUILT_PRODUCTS_DIR; };
		1480BF292C3A69D900A7D79D /* AppDelegate.swift */ = {isa = PBXFileReference; lastKnownFileType = sourcecode.swift; path = AppDelegate.swift; sourceTree = "<group>"; };
		1480BF2B2C3A69D900A7D79D /* ViewController.swift */ = {isa = PBXFileReference; lastKnownFileType = sourcecode.swift; path = ViewController.swift; sourceTree = "<group>"; };
		1480BF2D2C3A69DA00A7D79D /* Assets.xcassets */ = {isa = PBXFileReference; lastKnownFileType = folder.assetcatalog; path = Assets.xcassets; sourceTree = "<group>"; };
		1480BF302C3A69DA00A7D79D /* Base */ = {isa = PBXFileReference; lastKnownFileType = file.storyboard; name = Base; path = Base.lproj/Main.storyboard; sourceTree = "<group>"; };
		1480BF322C3A69DA00A7D79D /* myip.entitlements */ = {isa = PBXFileReference; lastKnownFileType = text.plist.entitlements; path = myip.entitlements; sourceTree = "<group>"; };
		1480BF372C3A69DA00A7D79D /* myipTests.xctest */ = {isa = PBXFileReference; explicitFileType = wrapper.cfbundle; includeInIndex = 0; path = myipTests.xctest; sourceTree = BUILT_PRODUCTS_DIR; };
		1480BF3B2C3A69DA00A7D79D /* myipTests.swift */ = {isa = PBXFileReference; lastKnownFileType = sourcecode.swift; path = myipTests.swift; sourceTree = "<group>"; };
		1480BF412C3A69DA00A7D79D /* myipUITests.xctest */ = {isa = PBXFileReference; explicitFileType = wrapper.cfbundle; includeInIndex = 0; path = myipUITests.xctest; sourceTree = BUILT_PRODUCTS_DIR; };
		1480BF452C3A69DA00A7D79D /* myipUITests.swift */ = {isa = PBXFileReference; lastKnownFileType = sourcecode.swift; path = myipUITests.swift; sourceTree = "<group>"; };
		1480BF472C3A69DA00A7D79D /* myipUITestsLaunchTests.swift */ = {isa = PBXFileReference; lastKnownFileType = sourcecode.swift; path = myipUITestsLaunchTests.swift; sourceTree = "<group>"; };
		1480BF542C3A6F3800A7D79D /* Info.plist */ = {isa = PBXFileReference; lastKnownFileType = text.plist; path = Info.plist; sourceTree = "<group>"; };
		1480BF592C3A783A00A7D79D /* myipLoginItem.appex */ = {isa = PBXFileReference; explicitFileType = "wrapper.app-extension"; includeInIndex = 0; path = myipLoginItem.appex; sourceTree = BUILT_PRODUCTS_DIR; };
		1480BF5B2C3A783A00A7D79D /* Cocoa.framework */ = {isa = PBXFileReference; lastKnownFileType = wrapper.framework; name = Cocoa.framework; path = System/Library/Frameworks/Cocoa.framework; sourceTree = SDKROOT; };
		1480BF5E2C3A783A00A7D79D /* Media.xcassets */ = {isa = PBXFileReference; lastKnownFileType = folder.assetcatalog; path = Media.xcassets; sourceTree = "<group>"; };
		1480BF602C3A783A00A7D79D /* icon.icns */ = {isa = PBXFileReference; lastKnownFileType = image.icns; path = icon.icns; sourceTree = "<group>"; };
		1480BF622C3A783A00A7D79D /* ActionRequestHandler.swift */ = {isa = PBXFileReference; lastKnownFileType = sourcecode.swift; path = ActionRequestHandler.swift; sourceTree = "<group>"; };
		1480BF642C3A783A00A7D79D /* Info.plist */ = {isa = PBXFileReference; lastKnownFileType = text.plist.xml; path = Info.plist; sourceTree = "<group>"; };
		1480BF652C3A783A00A7D79D /* myipLoginItem.entitlements */ = {isa = PBXFileReference; lastKnownFileType = text.plist.entitlements; path = myipLoginItem.entitlements; sourceTree = "<group>"; };
		1480BF6D2C3A78B600A7D79D /* AppDelegate.swift */ = {isa = PBXFileReference; lastKnownFileType = sourcecode.swift; path = AppDelegate.swift; sourceTree = "<group>"; };
/* End PBXFileReference section */

/* Begin PBXFrameworksBuildPhase section */
		1480BF232C3A69D900A7D79D /* Frameworks */ = {
			isa = PBXFrameworksBuildPhase;
			buildActionMask = 2147483647;
			files = (
			);
			runOnlyForDeploymentPostprocessing = 0;
		};
		1480BF342C3A69DA00A7D79D /* Frameworks */ = {
			isa = PBXFrameworksBuildPhase;
			buildActionMask = 2147483647;
			files = (
			);
			runOnlyForDeploymentPostprocessing = 0;
		};
		1480BF3E2C3A69DA00A7D79D /* Frameworks */ = {
			isa = PBXFrameworksBuildPhase;
			buildActionMask = 2147483647;
			files = (
			);
			runOnlyForDeploymentPostprocessing = 0;
		};
		1480BF562C3A783A00A7D79D /* Frameworks */ = {
			isa = PBXFrameworksBuildPhase;
			buildActionMask = 2147483647;
			files = (
				1480BF5C2C3A783A00A7D79D /* Cocoa.framework in Frameworks */,
			);
			runOnlyForDeploymentPostprocessing = 0;
		};
/* End PBXFrameworksBuildPhase section */

/* Begin PBXGroup section */
		1480BF1D2C3A69D900A7D79D = {
			isa = PBXGroup;
			children = (
				1480BF282C3A69D900A7D79D /* myip */,
				1480BF3A2C3A69DA00A7D79D /* myipTests */,
				1480BF442C3A69DA00A7D79D /* myipUITests */,
				1480BF5D2C3A783A00A7D79D /* myipLoginItem */,
				1480BF5A2C3A783A00A7D79D /* Frameworks */,
				1480BF272C3A69D900A7D79D /* Products */,
			);
			sourceTree = "<group>";
		};
		1480BF272C3A69D900A7D79D /* Products */ = {
			isa = PBXGroup;
			children = (
				1480BF262C3A69D900A7D79D /* myip.app */,
				1480BF372C3A69DA00A7D79D /* myipTests.xctest */,
				1480BF412C3A69DA00A7D79D /* myipUITests.xctest */,
				1480BF592C3A783A00A7D79D /* myipLoginItem.appex */,
			);
			name = Products;
			sourceTree = "<group>";
		};
		1480BF282C3A69D900A7D79D /* myip */ = {
			isa = PBXGroup;
			children = (
				1480BF542C3A6F3800A7D79D /* Info.plist */,
				1480BF292C3A69D900A7D79D /* AppDelegate.swift */,
				1480BF2B2C3A69D900A7D79D /* ViewController.swift */,
				1480BF2D2C3A69DA00A7D79D /* Assets.xcassets */,
				1480BF2F2C3A69DA00A7D79D /* Main.storyboard */,
				1480BF322C3A69DA00A7D79D /* myip.entitlements */,
			);
			path = myip;
			sourceTree = "<group>";
		};
		1480BF3A2C3A69DA00A7D79D /* myipTests */ = {
			isa = PBXGroup;
			children = (
				1480BF3B2C3A69DA00A7D79D /* myipTests.swift */,
			);
			path = myipTests;
			sourceTree = "<group>";
		};
		1480BF442C3A69DA00A7D79D /* myipUITests */ = {
			isa = PBXGroup;
			children = (
				1480BF452C3A69DA00A7D79D /* myipUITests.swift */,
				1480BF472C3A69DA00A7D79D /* myipUITestsLaunchTests.swift */,
			);
			path = myipUITests;
			sourceTree = "<group>";
		};
		1480BF5A2C3A783A00A7D79D /* Frameworks */ = {
			isa = PBXGroup;
			children = (
				1480BF5B2C3A783A00A7D79D /* Cocoa.framework */,
			);
			name = Frameworks;
			sourceTree = "<group>";
		};
		1480BF5D2C3A783A00A7D79D /* myipLoginItem */ = {
			isa = PBXGroup;
			children = (
				1480BF6D2C3A78B600A7D79D /* AppDelegate.swift */,
				1480BF5E2C3A783A00A7D79D /* Media.xcassets */,
				1480BF602C3A783A00A7D79D /* icon.icns */,
				1480BF622C3A783A00A7D79D /* ActionRequestHandler.swift */,
				1480BF642C3A783A00A7D79D /* Info.plist */,
				1480BF652C3A783A00A7D79D /* myipLoginItem.entitlements */,
			);
			path = myipLoginItem;
			sourceTree = "<group>";
		};
/* End PBXGroup section */

/* Begin PBXNativeTarget section */
		1480BF252C3A69D900A7D79D /* myip */ = {
			isa = PBXNativeTarget;
			buildConfigurationList = 1480BF4B2C3A69DA00A7D79D /* Build configuration list for PBXNativeTarget "myip" */;
			buildPhases = (
				1480BF222C3A69D900A7D79D /* Sources */,
				1480BF232C3A69D900A7D79D /* Frameworks */,
				1480BF242C3A69D900A7D79D /* Resources */,
				1480BF6C2C3A783A00A7D79D /* Embed Foundation Extensions */,
			);
			buildRules = (
			);
			dependencies = (
				1480BF672C3A783A00A7D79D /* PBXTargetDependency */,
			);
			name = myip;
			productName = myip;
			productReference = 1480BF262C3A69D900A7D79D /* myip.app */;
			productType = "com.apple.product-type.application";
		};
		1480BF362C3A69DA00A7D79D /* myipTests */ = {
			isa = PBXNativeTarget;
			buildConfigurationList = 1480BF4E2C3A69DA00A7D79D /* Build configuration list for PBXNativeTarget "myipTests" */;
			buildPhases = (
				1480BF332C3A69DA00A7D79D /* Sources */,
				1480BF342C3A69DA00A7D79D /* Frameworks */,
				1480BF352C3A69DA00A7D79D /* Resources */,
			);
			buildRules = (
			);
			dependencies = (
				1480BF392C3A69DA00A7D79D /* PBXTargetDependency */,
			);
			name = myipTests;
			productName = myipTests;
			productReference = 1480BF372C3A69DA00A7D79D /* myipTests.xctest */;
			productType = "com.apple.product-type.bundle.unit-test";
		};
		1480BF402C3A69DA00A7D79D /* myipUITests */ = {
			isa = PBXNativeTarget;
			buildConfigurationList = 1480BF512C3A69DA00A7D79D /* Build configuration list for PBXNativeTarget "myipUITests" */;
			buildPhases = (
				1480BF3D2C3A69DA00A7D79D /* Sources */,
				1480BF3E2C3A69DA00A7D79D /* Frameworks */,
				1480BF3F2C3A69DA00A7D79D /* Resources */,
			);
			buildRules = (
			);
			dependencies = (
				1480BF432C3A69DA00A7D79D /* PBXTargetDependency */,
			);
			name = myipUITests;
			productName = myipUITests;
			productReference = 1480BF412C3A69DA00A7D79D /* myipUITests.xctest */;
			productType = "com.apple.product-type.bundle.ui-testing";
		};
		1480BF582C3A783A00A7D79D /* myipLoginItem */ = {
			isa = PBXNativeTarget;
			buildConfigurationList = 1480BF692C3A783A00A7D79D /* Build configuration list for PBXNativeTarget "myipLoginItem" */;
			buildPhases = (
				1480BF552C3A783A00A7D79D /* Sources */,
				1480BF562C3A783A00A7D79D /* Frameworks */,
				1480BF572C3A783A00A7D79D /* Resources */,
			);
			buildRules = (
			);
			dependencies = (
			);
			name = myipLoginItem;
			productName = myipLoginItem;
			productReference = 1480BF592C3A783A00A7D79D /* myipLoginItem.appex */;
			productType = "com.apple.product-type.app-extension";
		};
/* End PBXNativeTarget section */

/* Begin PBXProject section */
		1480BF1E2C3A69D900A7D79D /* Project object */ = {
			isa = PBXProject;
			attributes = {
				BuildIndependentTargetsInParallel = 1;
				LastSwiftUpdateCheck = 1600;
				LastUpgradeCheck = 1600;
				TargetAttributes = {
					1480BF252C3A69D900A7D79D = {
						CreatedOnToolsVersion = 16.0;
					};
					1480BF362C3A69DA00A7D79D = {
						CreatedOnToolsVersion = 16.0;
						TestTargetID = 1480BF252C3A69D900A7D79D;
					};
					1480BF402C3A69DA00A7D79D = {
						CreatedOnToolsVersion = 16.0;
						TestTargetID = 1480BF252C3A69D900A7D79D;
					};
					1480BF582C3A783A00A7D79D = {
						CreatedOnToolsVersion = 16.0;
					};
				};
			};
			buildConfigurationList = 1480BF212C3A69D900A7D79D /* Build configuration list for PBXProject "myip" */;
			compatibilityVersion = "Xcode 15.0";
			developmentRegion = en;
			hasScannedForEncodings = 0;
			knownRegions = (
				en,
				Base,
			);
			mainGroup = 1480BF1D2C3A69D900A7D79D;
			productRefGroup = 1480BF272C3A69D900A7D79D /* Products */;
			projectDirPath = "";
			projectRoot = "";
			targets = (
				1480BF252C3A69D900A7D79D /* myip */,
				1480BF362C3A69DA00A7D79D /* myipTests */,
				1480BF402C3A69DA00A7D79D /* myipUITests */,
				1480BF582C3A783A00A7D79D /* myipLoginItem */,
			);
		};
/* End PBXProject section */

/* Begin PBXResourcesBuildPhase section */
		1480BF242C3A69D900A7D79D /* Resources */ = {
			isa = PBXResourcesBuildPhase;
			buildActionMask = 2147483647;
			files = (
				1480BF2E2C3A69DA00A7D79D /* Assets.xcassets in Resources */,
				1480BF312C3A69DA00A7D79D /* Base in Resources */,
			);
			runOnlyForDeploymentPostprocessing = 0;
		};
		1480BF352C3A69DA00A7D79D /* Resources */ = {
			isa = PBXResourcesBuildPhase;
			buildActionMask = 2147483647;
			files = (
			);
			runOnlyForDeploymentPostprocessing = 0;
		};
		1480BF3F2C3A69DA00A7D79D /* Resources */ = {
			isa = PBXResourcesBuildPhase;
			buildActionMask = 2147483647;
			files = (
			);
			runOnlyForDeploymentPostprocessing = 0;
		};
		1480BF572C3A783A00A7D79D /* Resources */ = {
			isa = PBXResourcesBuildPhase;
			buildActionMask = 2147483647;
			files = (
				1480BF5F2C3A783A00A7D79D /* Media.xcassets in Resources */,
				1480BF612C3A783A00A7D79D /* icon.icns in Resources */,
			);
			runOnlyForDeploymentPostprocessing = 0;
		};
/* End PBXResourcesBuildPhase section */

/* Begin PBXSourcesBuildPhase section */
		1480BF222C3A69D900A7D79D /* Sources */ = {
			isa = PBXSourcesBuildPhase;
			buildActionMask = 2147483647;
			files = (
				1480BF2C2C3A69D900A7D79D /* ViewController.swift in Sources */,
				1480BF2A2C3A69D900A7D79D /* AppDelegate.swift in Sources */,
			);
			runOnlyForDeploymentPostprocessing = 0;
		};
		1480BF332C3A69DA00A7D79D /* Sources */ = {
			isa = PBXSourcesBuildPhase;
			buildActionMask = 2147483647;
			files = (
				1480BF3C2C3A69DA00A7D79D /* myipTests.swift in Sources */,
			);
			runOnlyForDeploymentPostprocessing = 0;
		};
		1480BF3D2C3A69DA00A7D79D /* Sources */ = {
			isa = PBXSourcesBuildPhase;
			buildActionMask = 2147483647;
			files = (
				1480BF462C3A69DA00A7D79D /* myipUITests.swift in Sources */,
				1480BF482C3A69DA00A7D79D /* myipUITestsLaunchTests.swift in Sources */,
			);
			runOnlyForDeploymentPostprocessing = 0;
		};
		1480BF552C3A783A00A7D79D /* Sources */ = {
			isa = PBXSourcesBuildPhase;
			buildActionMask = 2147483647;
			files = (
				1480BF6E2C3A78BD00A7D79D /* AppDelegate.swift in Sources */,
				1480BF632C3A783A00A7D79D /* ActionRequestHandler.swift in Sources */,
			);
			runOnlyForDeploymentPostprocessing = 0;
		};
/* End PBXSourcesBuildPhase section */

/* Begin PBXTargetDependency section */
		1480BF392C3A69DA00A7D79D /* PBXTargetDependency */ = {
			isa = PBXTargetDependency;
			target = 1480BF252C3A69D900A7D79D /* myip */;
			targetProxy = 1480BF382C3A69DA00A7D79D /* PBXContainerItemProxy */;
		};
		1480BF432C3A69DA00A7D79D /* PBXTargetDependency */ = {
			isa = PBXTargetDependency;
			target = 1480BF252C3A69D900A7D79D /* myip */;
			targetProxy = 1480BF422C3A69DA00A7D79D /* PBXContainerItemProxy */;
		};
		1480BF672C3A783A00A7D79D /* PBXTargetDependency */ = {
			isa = PBXTargetDependency;
			target = 1480BF582C3A783A00A7D79D /* myipLoginItem */;
			targetProxy = 1480BF662C3A783A00A7D79D /* PBXContainerItemProxy */;
		};
/* End PBXTargetDependency section */

/* Begin PBXVariantGroup section */
		1480BF2F2C3A69DA00A7D79D /* Main.storyboard */ = {
			isa = PBXVariantGroup;
			children = (
				1480BF302C3A69DA00A7D79D /* Base */,
			);
			name = Main.storyboard;
			sourceTree = "<group>";
		};
/* End PBXVariantGroup section */

/* Begin XCBuildConfiguration section */
		1480BF492C3A69DA00A7D79D /* Debug */ = {
			isa = XCBuildConfiguration;
			buildSettings = {
				ALWAYS_SEARCH_USER_PATHS = NO;
				ASSETCATALOG_COMPILER_GENERATE_SWIFT_ASSET_SYMBOL_EXTENSIONS = YES;
				CLANG_ANALYZER_NONNULL = YES;
				CLANG_ANALYZER_NUMBER_OBJECT_CONVERSION = YES_AGGRESSIVE;
				CLANG_CXX_LANGUAGE_STANDARD = "gnu++20";
				CLANG_ENABLE_MODULES = YES;
				CLANG_ENABLE_OBJC_ARC = YES;
				CLANG_ENABLE_OBJC_WEAK = YES;
				CLANG_WARN_BLOCK_CAPTURE_AUTORELEASING = YES;
				CLANG_WARN_BOOL_CONVERSION = YES;
				CLANG_WARN_COMMA = YES;
				CLANG_WARN_CONSTANT_CONVERSION = YES;
				CLANG_WARN_DEPRECATED_OBJC_IMPLEMENTATIONS = YES;
				CLANG_WARN_DIRECT_OBJC_ISA_USAGE = YES_ERROR;
				CLANG_WARN_DOCUMENTATION_COMMENTS = YES;
				CLANG_WARN_EMPTY_BODY = YES;
				CLANG_WARN_ENUM_CONVERSION = YES;
				CLANG_WARN_INFINITE_RECURSION = YES;
				CLANG_WARN_INT_CONVERSION = YES;
				CLANG_WARN_NON_LITERAL_NULL_CONVERSION = YES;
				CLANG_WARN_OBJC_IMPLICIT_RETAIN_SELF = YES;
				CLANG_WARN_OBJC_LITERAL_CONVERSION = YES;
				CLANG_WARN_OBJC_ROOT_CLASS = YES_ERROR;
				CLANG_WARN_QUOTED_INCLUDE_IN_FRAMEWORK_HEADER = YES;
				CLANG_WARN_RANGE_LOOP_ANALYSIS = YES;
				CLANG_WARN_STRICT_PROTOTYPES = YES;
				CLANG_WARN_SUSPICIOUS_MOVE = YES;
				CLANG_WARN_UNGUARDED_AVAILABILITY = YES_AGGRESSIVE;
				CLANG_WARN_UNREACHABLE_CODE = YES;
				CLANG_WARN__DUPLICATE_METHOD_MATCH = YES;
				COPY_PHASE_STRIP = NO;
				DEBUG_INFORMATION_FORMAT = dwarf;
				ENABLE_STRICT_OBJC_MSGSEND = YES;
				ENABLE_TESTABILITY = YES;
				ENABLE_USER_SCRIPT_SANDBOXING = YES;
				GCC_C_LANGUAGE_STANDARD = gnu17;
				GCC_DYNAMIC_NO_PIC = NO;
				GCC_NO_COMMON_BLOCKS = YES;
				GCC_OPTIMIZATION_LEVEL = 0;
				GCC_PREPROCESSOR_DEFINITIONS = (
					"DEBUG=1",
					"$(inherited)",
				);
				GCC_WARN_64_TO_32_BIT_CONVERSION = YES;
				GCC_WARN_ABOUT_RETURN_TYPE = YES_ERROR;
				GCC_WARN_UNDECLARED_SELECTOR = YES;
				GCC_WARN_UNINITIALIZED_AUTOS = YES_AGGRESSIVE;
				GCC_WARN_UNUSED_FUNCTION = YES;
				GCC_WARN_UNUSED_VARIABLE = YES;
				LOCALIZATION_PREFERS_STRING_CATALOGS = YES;
				MACOSX_DEPLOYMENT_TARGET = 15.0;
				MTL_ENABLE_DEBUG_INFO = INCLUDE_SOURCE;
				MTL_FAST_MATH = YES;
				ONLY_ACTIVE_ARCH = YES;
				SDKROOT = macosx;
				SWIFT_ACTIVE_COMPILATION_CONDITIONS = "DEBUG $(inherited)";
				SWIFT_OPTIMIZATION_LEVEL = "-Onone";
			};
			name = Debug;
		};
		1480BF4A2C3A69DA00A7D79D /* Release */ = {
			isa = XCBuildConfiguration;
			buildSettings = {
				ALWAYS_SEARCH_USER_PATHS = NO;
				ASSETCATALOG_COMPILER_GENERATE_SWIFT_ASSET_SYMBOL_EXTENSIONS = YES;
				CLANG_ANALYZER_NONNULL = YES;
				CLANG_ANALYZER_NUMBER_OBJECT_CONVERSION = YES_AGGRESSIVE;
				CLANG_CXX_LANGUAGE_STANDARD = "gnu++20";
				CLANG_ENABLE_MODULES = YES;
				CLANG_ENABLE_OBJC_ARC = YES;
				CLANG_ENABLE_OBJC_WEAK = YES;
				CLANG_WARN_BLOCK_CAPTURE_AUTORELEASING = YES;
				CLANG_WARN_BOOL_CONVERSION = YES;
				CLANG_WARN_COMMA = YES;
				CLANG_WARN_CONSTANT_CONVERSION = YES;
				CLANG_WARN_DEPRECATED_OBJC_IMPLEMENTATIONS = YES;
				CLANG_WARN_DIRECT_OBJC_ISA_USAGE = YES_ERROR;
				CLANG_WARN_DOCUMENTATION_COMMENTS = YES;
				CLANG_WARN_EMPTY_BODY = YES;
				CLANG_WARN_ENUM_CONVERSION = YES;
				CLANG_WARN_INFINITE_RECURSION = YES;
				CLANG_WARN_INT_CONVERSION = YES;
				CLANG_WARN_NON_LITERAL_NULL_CONVERSION = YES;
				CLANG_WARN_OBJC_IMPLICIT_RETAIN_SELF = YES;
				CLANG_WARN_OBJC_LITERAL_CONVERSION = YES;
				CLANG_WARN_OBJC_ROOT_CLASS = YES_ERROR;
				CLANG_WARN_QUOTED_INCLUDE_IN_FRAMEWORK_HEADER = YES;
				CLANG_WARN_RANGE_LOOP_ANALYSIS = YES;
				CLANG_WARN_STRICT_PROTOTYPES = YES;
				CLANG_WARN_SUSPICIOUS_MOVE = YES;
				CLANG_WARN_UNGUARDED_AVAILABILITY = YES_AGGRESSIVE;
				CLANG_WARN_UNREACHABLE_CODE = YES;
				CLANG_WARN__DUPLICATE_METHOD_MATCH = YES;
				COPY_PHASE_STRIP = NO;
				DEBUG_INFORMATION_FORMAT = "dwarf-with-dsym";
				ENABLE_NS_ASSERTIONS = NO;
				ENABLE_STRICT_OBJC_MSGSEND = YES;
				ENABLE_USER_SCRIPT_SANDBOXING = YES;
				GCC_C_LANGUAGE_STANDARD = gnu17;
				GCC_NO_COMMON_BLOCKS = YES;
				GCC_WARN_64_TO_32_BIT_CONVERSION = YES;
				GCC_WARN_ABOUT_RETURN_TYPE = YES_ERROR;
				GCC_WARN_UNDECLARED_SELECTOR = YES;
				GCC_WARN_UNINITIALIZED_AUTOS = YES_AGGRESSIVE;
				GCC_WARN_UNUSED_FUNCTION = YES;
				GCC_WARN_UNUSED_VARIABLE = YES;
				LOCALIZATION_PREFERS_STRING_CATALOGS = YES;
				MACOSX_DEPLOYMENT_TARGET = 15.0;
				MTL_ENABLE_DEBUG_INFO = NO;
				MTL_FAST_MATH = YES;
				SDKROOT = macosx;
				SWIFT_COMPILATION_MODE = wholemodule;
			};
			name = Release;
		};
		1480BF4C2C3A69DA00A7D79D /* Debug */ = {
			isa = XCBuildConfiguration;
			buildSettings = {
				ASSETCATALOG_COMPILER_APPICON_NAME = AppIcon;
				ASSETCATALOG_COMPILER_GLOBAL_ACCENT_COLOR_NAME = AccentColor;
				CODE_SIGN_ENTITLEMENTS = myip/myip.entitlements;
				CODE_SIGN_STYLE = Automatic;
				COMBINE_HIDPI_IMAGES = YES;
				CURRENT_PROJECT_VERSION = 1;
				DEVELOPMENT_TEAM = 6X2HSWDZCR;
				ENABLE_HARDENED_RUNTIME = YES;
				GENERATE_INFOPLIST_FILE = YES;
				INFOPLIST_FILE = myip/Info.plist;
				INFOPLIST_KEY_LSUIElement = YES;
				INFOPLIST_KEY_NSHumanReadableCopyright = "";
				INFOPLIST_KEY_NSMainStoryboardFile = Main;
				INFOPLIST_KEY_NSPrincipalClass = NSApplication;
				LD_RUNPATH_SEARCH_PATHS = (
					"$(inherited)",
					"@executable_path/../Frameworks",
				);
				MARKETING_VERSION = 1.0;
				PRODUCT_BUNDLE_IDENTIFIER = com.codans.myip;
				PRODUCT_NAME = "$(TARGET_NAME)";
				SWIFT_EMIT_LOC_STRINGS = YES;
				SWIFT_VERSION = 5.0;
			};
			name = Debug;
		};
		1480BF4D2C3A69DA00A7D79D /* Release */ = {
			isa = XCBuildConfiguration;
			buildSettings = {
				ASSETCATALOG_COMPILER_APPICON_NAME = AppIcon;
				ASSETCATALOG_COMPILER_GLOBAL_ACCENT_COLOR_NAME = AccentColor;
				CODE_SIGN_ENTITLEMENTS = myip/myip.entitlements;
				CODE_SIGN_STYLE = Automatic;
				COMBINE_HIDPI_IMAGES = YES;
				CURRENT_PROJECT_VERSION = 1;
				DEVELOPMENT_TEAM = 6X2HSWDZCR;
				ENABLE_HARDENED_RUNTIME = YES;
				GENERATE_INFOPLIST_FILE = YES;
				INFOPLIST_FILE = myip/Info.plist;
				INFOPLIST_KEY_LSUIElement = YES;
				INFOPLIST_KEY_NSHumanReadableCopyright = "";
				INFOPLIST_KEY_NSMainStoryboardFile = Main;
				INFOPLIST_KEY_NSPrincipalClass = NSApplication;
				LD_RUNPATH_SEARCH_PATHS = (
					"$(inherited)",
					"@executable_path/../Frameworks",
				);
				MARKETING_VERSION = 1.0;
				PRODUCT_BUNDLE_IDENTIFIER = com.codans.myip;
				PRODUCT_NAME = "$(TARGET_NAME)";
				SWIFT_EMIT_LOC_STRINGS = YES;
				SWIFT_VERSION = 5.0;
			};
			name = Release;
		};
		1480BF4F2C3A69DA00A7D79D /* Debug */ = {
			isa = XCBuildConfiguration;
			buildSettings = {
				BUNDLE_LOADER = "$(TEST_HOST)";
				CODE_SIGN_STYLE = Automatic;
				CURRENT_PROJECT_VERSION = 1;
				DEVELOPMENT_TEAM = 6X2HSWDZCR;
				GENERATE_INFOPLIST_FILE = YES;
				MACOSX_DEPLOYMENT_TARGET = 15.0;
				MARKETING_VERSION = 1.0;
				PRODUCT_BUNDLE_IDENTIFIER = com.codans.myipTests;
				PRODUCT_NAME = "$(TARGET_NAME)";
				SWIFT_EMIT_LOC_STRINGS = NO;
				SWIFT_VERSION = 5.0;
				TEST_HOST = "$(BUILT_PRODUCTS_DIR)/myip.app/$(BUNDLE_EXECUTABLE_FOLDER_PATH)/myip";
			};
			name = Debug;
		};
		1480BF502C3A69DA00A7D79D /* Release */ = {
			isa = XCBuildConfiguration;
			buildSettings = {
				BUNDLE_LOADER = "$(TEST_HOST)";
				CODE_SIGN_STYLE = Automatic;
				CURRENT_PROJECT_VERSION = 1;
				DEVELOPMENT_TEAM = 6X2HSWDZCR;
				GENERATE_INFOPLIST_FILE = YES;
				MACOSX_DEPLOYMENT_TARGET = 15.0;
				MARKETING_VERSION = 1.0;
				PRODUCT_BUNDLE_IDENTIFIER = com.codans.myipTests;
				PRODUCT_NAME = "$(TARGET_NAME)";
				SWIFT_EMIT_LOC_STRINGS = NO;
				SWIFT_VERSION = 5.0;
				TEST_HOST = "$(BUILT_PRODUCTS_DIR)/myip.app/$(BUNDLE_EXECUTABLE_FOLDER_PATH)/myip";
			};
			name = Release;
		};
		1480BF522C3A69DA00A7D79D /* Debug */ = {
			isa = XCBuildConfiguration;
			buildSettings = {
				CODE_SIGN_STYLE = Automatic;
				CURRENT_PROJECT_VERSION = 1;
				DEVELOPMENT_TEAM = 6X2HSWDZCR;
				GENERATE_INFOPLIST_FILE = YES;
				MARKETING_VERSION = 1.0;
				PRODUCT_BUNDLE_IDENTIFIER = com.codans.myipUITests;
				PRODUCT_NAME = "$(TARGET_NAME)";
				SWIFT_EMIT_LOC_STRINGS = NO;
				SWIFT_VERSION = 5.0;
				TEST_TARGET_NAME = myip;
			};
			name = Debug;
		};
		1480BF532C3A69DA00A7D79D /* Release */ = {
			isa = XCBuildConfiguration;
			buildSettings = {
				CODE_SIGN_STYLE = Automatic;
				CURRENT_PROJECT_VERSION = 1;
				DEVELOPMENT_TEAM = 6X2HSWDZCR;
				GENERATE_INFOPLIST_FILE = YES;
				MARKETING_VERSION = 1.0;
				PRODUCT_BUNDLE_IDENTIFIER = com.codans.myipUITests;
				PRODUCT_NAME = "$(TARGET_NAME)";
				SWIFT_EMIT_LOC_STRINGS = NO;
				SWIFT_VERSION = 5.0;
				TEST_TARGET_NAME = myip;
			};
			name = Release;
		};
		1480BF6A2C3A783A00A7D79D /* Debug */ = {
			isa = XCBuildConfiguration;
			buildSettings = {
				CODE_SIGN_ENTITLEMENTS = myipLoginItem/myipLoginItem.entitlements;
				CODE_SIGN_STYLE = Automatic;
				COMBINE_HIDPI_IMAGES = YES;
				CURRENT_PROJECT_VERSION = 1;
				DEVELOPMENT_TEAM = 6X2HSWDZCR;
				ENABLE_HARDENED_RUNTIME = YES;
				GENERATE_INFOPLIST_FILE = YES;
				INFOPLIST_FILE = myipLoginItem/Info.plist;
				INFOPLIST_KEY_CFBundleDisplayName = myipLoginItem;
				INFOPLIST_KEY_LSBackgroundOnly = YES;
				INFOPLIST_KEY_NSHumanReadableCopyright = "";
				LD_RUNPATH_SEARCH_PATHS = (
					"$(inherited)",
					"@executable_path/../Frameworks",
					"@executable_path/../../../../Frameworks",
				);
				MARKETING_VERSION = 1.0;
				PRODUCT_BUNDLE_IDENTIFIER = com.codans.myip.myipLoginItem;
				PRODUCT_NAME = "$(TARGET_NAME)";
				SKIP_INSTALL = YES;
				SWIFT_EMIT_LOC_STRINGS = YES;
				SWIFT_VERSION = 5.0;
			};
			name = Debug;
		};
		1480BF6B2C3A783A00A7D79D /* Release */ = {
			isa = XCBuildConfiguration;
			buildSettings = {
				CODE_SIGN_ENTITLEMENTS = myipLoginItem/myipLoginItem.entitlements;
				CODE_SIGN_STYLE = Automatic;
				COMBINE_HIDPI_IMAGES = YES;
				CURRENT_PROJECT_VERSION = 1;
				DEVELOPMENT_TEAM = 6X2HSWDZCR;
				ENABLE_HARDENED_RUNTIME = YES;
				GENERATE_INFOPLIST_FILE = YES;
				INFOPLIST_FILE = myipLoginItem/Info.plist;
				INFOPLIST_KEY_CFBundleDisplayName = myipLoginItem;
				INFOPLIST_KEY_LSBackgroundOnly = YES;
				INFOPLIST_KEY_NSHumanReadableCopyright = "";
				LD_RUNPATH_SEARCH_PATHS = (
					"$(inherited)",
					"@executable_path/../Frameworks",
					"@executable_path/../../../../Frameworks",
				);
				MARKETING_VERSION = 1.0;
				PRODUCT_BUNDLE_IDENTIFIER = com.codans.myip.myipLoginItem;
				PRODUCT_NAME = "$(TARGET_NAME)";
				SKIP_INSTALL = YES;
				SWIFT_EMIT_LOC_STRINGS = YES;
				SWIFT_VERSION = 5.0;
			};
			name = Release;
		};
/* End XCBuildConfiguration section */

/* Begin XCConfigurationList section */
		1480BF212C3A69D900A7D79D /* Build configuration list for PBXProject "myip" */ = {
			isa = XCConfigurationList;
			buildConfigurations = (
				1480BF492C3A69DA00A7D79D /* Debug */,
				1480BF4A2C3A69DA00A7D79D /* Release */,
			);
			defaultConfigurationIsVisible = 0;
			defaultConfigurationName = Release;
		};
		1480BF4B2C3A69DA00A7D79D /* Build configuration list for PBXNativeTarget "myip" */ = {
			isa = XCConfigurationList;
			buildConfigurations = (
				1480BF4C2C3A69DA00A7D79D /* Debug */,
				1480BF4D2C3A69DA00A7D79D /* Release */,
			);
			defaultConfigurationIsVisible = 0;
			defaultConfigurationName = Release;
		};
		1480BF4E2C3A69DA00A7D79D /* Build configuration list for PBXNativeTarget "myipTests" */ = {
			isa = XCConfigurationList;
			buildConfigurations = (
				1480BF4F2C3A69DA00A7D79D /* Debug */,
				1480BF502C3A69DA00A7D79D /* Release */,
			);
			defaultConfigurationIsVisible = 0;
			defaultConfigurationName = Release;
		};
		1480BF512C3A69DA00A7D79D /* Build configuration list for PBXNativeTarget "myipUITests" */ = {
			isa = XCConfigurationList;
			buildConfigurations = (
				1480BF522C3A69DA00A7D79D /* Debug */,
				1480BF532C3A69DA00A7D79D /* Release */,
			);
			defaultConfigurationIsVisible = 0;
			defaultConfigurationName = Release;
		};
		1480BF692C3A783A00A7D79D /* Build configuration list for PBXNativeTarget "myipLoginItem" */ = {
			isa = XCConfigurationList;
			buildConfigurations = (
				1480BF6A2C3A783A00A7D79D /* Debug */,
				1480BF6B2C3A783A00A7D79D /* Release */,
			);
			defaultConfigurationIsVisible = 0;
			defaultConfigurationName = Release;
		};
/* End XCConfigurationList section */
	};
	rootObject = 1480BF1E2C3A69D900A7D79D /* Project object */;
}
